<Solution>
  <Project Path="PlaceBooking.Application/PlaceBooking.Application.csproj" />
  <Project Path="PlaceBooking.Domain/PlaceBooking.Domain.csproj" />
  <Project Path="PlaceBooking.Infrastructure/PlaceBooking.Infrastructure.csproj" />
  <Project Path="PlaceBooking.Web/PlaceBooking.Web.csproj" />
</Solution>
